
Microsoft Visual Studio Solution File, Format Version 12.00
# Visual Studio 15
VisualStudioVersion = 15.0.28307.168
MinimumVisualStudioVersion = 10.0.40219.1
Project("{FAE04EC0-301F-11D3-BF4B-00C04F79EFBC}") = "CodeIt.Photography.Presenter", "CodeIt.Photography.Presenter\CodeIt.Photography.Presenter.csproj", "{40D30B29-54AC-4FA3-981C-AA8A17F0FE0D}"
EndProject
Global
	GlobalSection(SolutionConfigurationPlatforms) = preSolution
		Debug|Any CPU = Debug|Any CPU
		Release|Any CPU = Release|Any CPU
	EndGlobalSection
	GlobalSection(ProjectConfigurationPlatforms) = postSolution
		{40D30B29-54AC-4FA3-981C-AA8A17F0FE0D}.Debug|Any CPU.ActiveCfg = Debug|Any CPU
		{40D30B29-54AC-4FA3-981C-AA8A17F0FE0D}.Debug|Any CPU.Build.0 = Debug|Any CPU
		{40D30B29-54AC-4FA3-981C-AA8A17F0FE0D}.Release|Any CPU.ActiveCfg = Release|Any CPU
		{40D30B29-54AC-4FA3-981C-AA8A17F0FE0D}.Release|Any CPU.Build.0 = Release|Any CPU
	EndGlobalSection
	GlobalSection(SolutionProperties) = preSolution
		HideSolutionNode = FALSE
	EndGlobalSection
	GlobalSection(ExtensibilityGlobals) = postSolution
		SolutionGuid = {6CB8B779-22BC-494C-8583-06AB7522B0BA}
	EndGlobalSection
EndGlobal
